schema: '2.0'
stages:
  generate_install_manifest:
    cmd:
    - python generate_manifest.py manifests/install.json install/ updates/
    deps:
    - path: install
      hash: md5
      md5: 3a90eb4dc9dab606e2719350eb35c143.dir
      size: 474662407
      nfiles: 770
    - path: updates
      hash: md5
      md5: 0d89f2e52239d463789b9a0c31e0bbd3.dir
      size: 3026909
      nfiles: 7
    outs:
    - path: manifests/install.json
      hash: md5
      md5: e981f6836733119c85b6830280268e6d
      size: 189849
  generate_update_manifest:
    cmd:
    - python generate_manifest.py manifests/update.json updates/
    deps:
    - path: updates
      hash: md5
      md5: 0d89f2e52239d463789b9a0c31e0bbd3.dir
      size: 3026909
      nfiles: 7
    outs:
    - path: manifests/update.json
      hash: md5
      md5: 4778bb8ce26fd48e30a73d5703397b04
      size: 1279
  update_dvc_files:
    cmd:
    - python update_dvc.py ./install
    - python update_dvc.py ./updates
  update_dvc_files_install:
    cmd:
    - python update_dvc.py ./install
  update_dvc_files_updates:
    cmd:
    - python update_dvc.py ./updates
