schema: '2.0'
stages:
  generate_install_manifest:
    cmd:
    - python generate_manifest.py manifests/install.json install/ updates/
    deps:
    - path: install
      hash: md5
      md5: 3a90eb4dc9dab606e2719350eb35c143.dir
      size: 474662407
      nfiles: 770
    - path: updates
      hash: md5
      md5: 2f0dbac270ef24a776452698a738b172.dir
      size: 3026930
      nfiles: 7
    outs:
    - path: manifests/install.json
      hash: md5
      md5: 3b2dd1bb22923acdf2579c6661b7fa45
      size: 189849
  generate_update_manifest:
    cmd:
    - python generate_manifest.py manifests/update.json updates/
    deps:
    - path: updates
      hash: md5
      md5: 2f0dbac270ef24a776452698a738b172.dir
      size: 3026930
      nfiles: 7
    outs:
    - path: manifests/update.json
      hash: md5
      md5: 401bb8901df706d28e1968477a2692fe
      size: 1279
  update_dvc_files:
    cmd:
    - python update_dvc.py ./install
    - python update_dvc.py ./updates
  update_dvc_files_install:
    cmd:
    - python update_dvc.py ./install
  update_dvc_files_updates:
    cmd:
    - python update_dvc.py ./updates
